Microsoft Visual Studio Solution File, Format Version 12.00
# Visual Studio Version 17
VisualStudioVersion = 17.5.2.0
MinimumVisualStudioVersion = 10.0.40219.1
Project("{FAE04EC0-301F-11D3-BF4B-00C04F79EFBC}") = "ReportDB", "ReportDB\ReportDB.csproj", "{9707696F-EA2F-AA93-D588-14F3A447C602}"
EndProject
Global
	GlobalSection(SolutionConfigurationPlatforms) = preSolution
		Debug|Any CPU = Debug|Any CPU
		Release|Any CPU = Release|Any CPU
	EndGlobalSection
	GlobalSection(ProjectConfigurationPlatforms) = postSolution
		{9707696F-EA2F-AA93-D588-14F3A447C602}.Debug|Any CPU.ActiveCfg = Debug|Any CPU
		{9707696F-EA2F-AA93-D588-14F3A447C602}.Debug|Any CPU.Build.0 = Debug|Any CPU
		{9707696F-EA2F-AA93-D588-14F3A447C602}.Release|Any CPU.ActiveCfg = Release|Any CPU
		{9707696F-EA2F-AA93-D588-14F3A447C602}.Release|Any CPU.Build.0 = Release|Any CPU
	EndGlobalSection
	GlobalSection(SolutionProperties) = preSolution
		HideSolutionNode = FALSE
	EndGlobalSection
	GlobalSection(ExtensibilityGlobals) = postSolution
		SolutionGuid = {5FD0C684-DDB3-4BEE-97FC-513D3471B079}
	EndGlobalSection
EndGlobal
